
Microsoft Visual Studio Solution File, Format Version 10.00
# Visual C++ Express 2008
Project("{8BC9CEB8-8B4A-11D0-8D11-00A0C91BC942}") = "server", "server.vcproj", "{4EBA43E4-98C0-4F00-ADA7-21758F1BAE77}"
EndProject
Global
	GlobalSection(SolutionConfigurationPlatforms) = preSolution
		Debug|Win32 = Debug|Win32
		Release|Win32 = Release|Win32
	EndGlobalSection
	GlobalSection(ProjectConfigurationPlatforms) = postSolution
		{4EBA43E4-98C0-4F00-ADA7-21758F1BAE77}.Debug|Win32.ActiveCfg = Debug|Win32
		{4EBA43E4-98C0-4F00-ADA7-21758F1BAE77}.Debug|Win32.Build.0 = Debug|Win32
		{4EBA43E4-98C0-4F00-ADA7-21758F1BAE77}.Release|Win32.ActiveCfg = Release|Win32
		{4EBA43E4-98C0-4F00-ADA7-21758F1BAE77}.Release|Win32.Build.0 = Release|Win32
	EndGlobalSection
	GlobalSection(SolutionProperties) = preSolution
		HideSolutionNode = FALSE
	EndGlobalSection
EndGlobal
